// !$*UTF8*$!
{
	archiveVersion = 1;
	classes = {
	};
	objectVersion = 77;
	objects = {

/* Begin PBXContainerItemProxy section */
		D7D739F32F632F9100EC3857 /* PBXContainerItemProxy */ = {
			isa = PBXContainerItemProxy;
			containerPortal = D7D739DB2F632F9000EC3857 /* Project object */;
			proxyType = 1;
			remoteGlobalIDString = D7D739E22F632F9000EC3857;
			remoteInfo = "brew-water-chemist";
		};
		D7D739FD2F632F9100EC3857 /* PBXContainerItemProxy */ = {
			isa = PBXContainerItemProxy;
			containerPortal = D7D739DB2F632F9000EC3857 /* Project object */;
			proxyType = 1;
			remoteGlobalIDString = D7D739E22F632F9000EC3857;
			remoteInfo = "brew-water-chemist";
		};
/* End PBXContainerItemProxy section */

/* Begin PBXFileReference section */
		D7D739E32F632F9000EC3857 /* brew-water-chemist.app */ = {isa = PBXFileReference; explicitFileType = wrapper.application; includeInIndex = 0; path = "brew-water-chemist.app"; sourceTree = BUILT_PRODUCTS_DIR; };
		D7D739F22F632F9100EC3857 /* brew-water-chemistTests.xctest */ = {isa = PBXFileReference; explicitFileType = wrapper.cfbundle; includeInIndex = 0; path = "brew-water-chemistTests.xctest"; sourceTree = BUILT_PRODUCTS_DIR; };
		D7D739FC2F632F9100EC3857 /* brew-water-chemistUITests.xctest */ = {isa = PBXFileReference; explicitFileType = wrapper.cfbundle; includeInIndex = 0; path = "brew-water-chemistUITests.xctest"; sourceTree = BUILT_PRODUCTS_DIR; };
/* End PBXFileReference section */

/* Begin PBXFileSystemSynchronizedRootGroup section */
		D7D739E52F632F9000EC3857 /* brew-water-chemist */ = {
			isa = PBXFileSystemSynchronizedRootGroup;
			path = "brew-water-chemist";
			sourceTree = "<group>";
		};
		D7D739F52F632F9100EC3857 /* brew-water-chemistTests */ = {
			isa = PBXFileSystemSynchronizedRootGroup;
			path = "brew-water-chemistTests";
			sourceTree = "<group>";
		};
		D7D739FF2F632F9100EC3857 /* brew-water-chemistUITests */ = {
			isa = PBXFileSystemSynchronizedRootGroup;
			path = "brew-water-chemistUITests";
			sourceTree = "<group>";
		};
/* End PBXFileSystemSynchronizedRootGroup section */

/* Begin PBXFrameworksBuildPhase section */
		D7D739E02F632F9000EC3857 /* Frameworks */ = {
			isa = PBXFrameworksBuildPhase;
			buildActionMask = 2147483647;
			files = (
			);
			runOnlyForDeploymentPostprocessing = 0;
		};
		D7D739EF2F632F9100EC3857 /* Frameworks */ = {
			isa = PBXFrameworksBuildPhase;
			buildActionMask = 2147483647;
			files = (
			);
			runOnlyForDeploymentPostprocessing = 0;
		};
		D7D739F92F632F9100EC3857 /* Frameworks */ = {
			isa = PBXFrameworksBuildPhase;
			buildActionMask = 2147483647;
			files = (
			);
			runOnlyForDeploymentPostprocessing = 0;
		};
/* End PBXFrameworksBuildPhase section */

/* Begin PBXGroup section */
		D7D739DA2F632F9000EC3857 = {
			isa = PBXGroup;
			children = (
				D7D739E52F632F9000EC3857 /* brew-water-chemist */,
				D7D739F52F632F9100EC3857 /* brew-water-chemistTests */,
				D7D739FF2F632F9100EC3857 /* brew-water-chemistUITests */,
				D7D739E42F632F9000EC3857 /* Products */,
			);
			sourceTree = "<group>";
		};
		D7D739E42F632F9000EC3857 /* Products */ = {
			isa = PBXGroup;
			children = (
				D7D739E32F632F9000EC3857 /* brew-water-chemist.app */,
				D7D739F22F632F9100EC3857 /* brew-water-chemistTests.xctest */,
				D7D739FC2F632F9100EC3857 /* brew-water-chemistUITests.xctest */,
			);
			name = Products;
			sourceTree = "<group>";
		};
/* End PBXGroup section */

/* Begin PBXNativeTarget section */
		D7D739E22F632F9000EC3857 /* brew-water-chemist */ = {
			isa = PBXNativeTarget;
			buildConfigurationList = D7D73A062F632F9100EC3857 /* Build configuration list for PBXNativeTarget "brew-water-chemist" */;
			buildPhases = (
				D7D739DF2F632F9000EC3857 /* Sources */,
				D7D739E02F632F9000EC3857 /* Frameworks */,
				D7D739E12F632F9000EC3857 /* Resources */,
			);
			buildRules = (
			);
			dependencies = (
			);
			fileSystemSynchronizedGroups = (
				D7D739E52F632F9000EC3857 /* brew-water-chemist */,
			);
			name = "brew-water-chemist";
			packageProductDependencies = (
			);
			productName = "brew-water-chemist";
			productReference = D7D739E32F632F9000EC3857 /* brew-water-chemist.app */;
			productType = "com.apple.product-type.application";
		};
		D7D739F12F632F9100EC3857 /* brew-water-chemistTests */ = {
			isa = PBXNativeTarget;
			buildConfigurationList = D7D73A092F632F9100EC3857 /* Build configuration list for PBXNativeTarget "brew-water-chemistTests" */;
			buildPhases = (
				D7D739EE2F632F9100EC3857 /* Sources */,
				D7D739EF2F632F9100EC3857 /* Frameworks */,
				D7D739F02F632F9100EC3857 /* Resources */,
			);
			buildRules = (
			);
			dependencies = (
				D7D739F42F632F9100EC3857 /* PBXTargetDependency */,
			);
			fileSystemSynchronizedGroups = (
				D7D739F52F632F9100EC3857 /* brew-water-chemistTests */,
			);
			name = "brew-water-chemistTests";
			packageProductDependencies = (
			);
			productName = "brew-water-chemistTests";
			productReference = D7D739F22F632F9100EC3857 /* brew-water-chemistTests.xctest */;
			productType = "com.apple.product-type.bundle.unit-test";
		};
		D7D739FB2F632F9100EC3857 /* brew-water-chemistUITests */ = {
			isa = PBXNativeTarget;
			buildConfigurationList = D7D73A0C2F632F9100EC3857 /* Build configuration list for PBXNativeTarget "brew-water-chemistUITests" */;
			buildPhases = (
				D7D739F82F632F9100EC3857 /* Sources */,
				D7D739F92F632F9100EC3857 /* Frameworks */,
				D7D739FA2F632F9100EC3857 /* Resources */,
			);
			buildRules = (
			);
			dependencies = (
				D7D739FE2F632F9100EC3857 /* PBXTargetDependency */,
			);
			fileSystemSynchronizedGroups = (
				D7D739FF2F632F9100EC3857 /* brew-water-chemistUITests */,
			);
			name = "brew-water-chemistUITests";
			packageProductDependencies = (
			);
			productName = "brew-water-chemistUITests";
			productReference = D7D739FC2F632F9100EC3857 /* brew-water-chemistUITests.xctest */;
			productType = "com.apple.product-type.bundle.ui-testing";
		};
/* End PBXNativeTarget section */

/* Begin PBXProject section */
		D7D739DB2F632F9000EC3857 /* Project object */ = {
			isa = PBXProject;
			attributes = {
				BuildIndependentTargetsInParallel = 1;
				LastSwiftUpdateCheck = 2600;
				LastUpgradeCheck = 2600;
				TargetAttributes = {
					D7D739E22F632F9000EC3857 = {
						CreatedOnToolsVersion = 26.0.1;
					};
					D7D739F12F632F9100EC3857 = {
						CreatedOnToolsVersion = 26.0.1;
						TestTargetID = D7D739E22F632F9000EC3857;
					};
					D7D739FB2F632F9100EC3857 = {
						CreatedOnToolsVersion = 26.0.1;
						TestTargetID = D7D739E22F632F9000EC3857;
					};
				};
			};
			buildConfigurationList = D7D739DE2F632F9000EC3857 /* Build configuration list for PBXProject "brew-water-chemist" */;
			developmentRegion = en;
			hasScannedForEncodings = 0;
			knownRegions = (
				en,
				Base,
			);
			mainGroup = D7D739DA2F632F9000EC3857;
			minimizedProjectReferenceProxies = 1;
			preferredProjectObjectVersion = 77;
			productRefGroup = D7D739E42F632F9000EC3857 /* Products */;
			projectDirPath = "";
			projectRoot = "";
			targets = (
				D7D739E22F632F9000EC3857 /* brew-water-chemist */,
				D7D739F12F632F9100EC3857 /* brew-water-chemistTests */,
				D7D739FB2F632F9100EC3857 /* brew-water-chemistUITests */,
			);
		};
/* End PBXProject section */

/* Begin PBXResourcesBuildPhase section */
		D7D739E12F632F9000EC3857 /* Resources */ = {
			isa = PBXResourcesBuildPhase;
			buildActionMask = 2147483647;
			files = (
			);
			runOnlyForDeploymentPostprocessing = 0;
		};
		D7D739F02F632F9100EC3857 /* Resources */ = {
			isa = PBXResourcesBuildPhase;
			buildActionMask = 2147483647;
			files = (
			);
			runOnlyForDeploymentPostprocessing = 0;
		};
		D7D739FA2F632F9100EC3857 /* Resources */ = {
			isa = PBXResourcesBuildPhase;
			buildActionMask = 2147483647;
			files = (
			);
			runOnlyForDeploymentPostprocessing = 0;
		};
/* End PBXResourcesBuildPhase section */

/* Begin PBXSourcesBuildPhase section */
		D7D739DF2F632F9000EC3857 /* Sources */ = {
			isa = PBXSourcesBuildPhase;
			buildActionMask = 2147483647;
			files = (
			);
			runOnlyForDeploymentPostprocessing = 0;
		};
		D7D739EE2F632F9100EC3857 /* Sources */ = {
			isa = PBXSourcesBuildPhase;
			buildActionMask = 2147483647;
			files = (
			);
			runOnlyForDeploymentPostprocessing = 0;
		};
		D7D739F82F632F9100EC3857 /* Sources */ = {
			isa = PBXSourcesBuildPhase;
			buildActionMask = 2147483647;
			files = (
			);
			runOnlyForDeploymentPostprocessing = 0;
		};
/* End PBXSourcesBuildPhase section */

/* Begin PBXTargetDependency section */
		D7D739F42F632F9100EC3857 /* PBXTargetDependency */ = {
			isa = PBXTargetDependency;
			target = D7D739E22F632F9000EC3857 /* brew-water-chemist */;
			targetProxy = D7D739F32F632F9100EC3857 /* PBXContainerItemProxy */;
		};
		D7D739FE2F632F9100EC3857 /* PBXTargetDependency */ = {
			isa = PBXTargetDependency;
			target = D7D739E22F632F9000EC3857 /* brew-water-chemist */;
			targetProxy = D7D739FD2F632F9100EC3857 /* PBXContainerItemProxy */;
		};
/* End PBXTargetDependency section */

/* Begin XCBuildConfiguration section */
		D7D73A042F632F9100EC3857 /* Debug */ = {
			isa = XCBuildConfiguration;
			buildSettings = {
				ALWAYS_SEARCH_USER_PATHS = NO;
				ASSETCATALOG_COMPILER_GENERATE_SWIFT_ASSET_SYMBOL_EXTENSIONS = YES;
				CLANG_ANALYZER_NONNULL = YES;
				CLANG_ANALYZER_NUMBER_OBJECT_CONVERSION = YES_AGGRESSIVE;
				CLANG_CXX_LANGUAGE_STANDARD = "gnu++20";
				CLANG_ENABLE_MODULES = YES;
				CLANG_ENABLE_OBJC_ARC = YES;
				CLANG_ENABLE_OBJC_WEAK = YES;
				CLANG_WARN_BLOCK_CAPTURE_AUTORELEASING = YES;
				CLANG_WARN_BOOL_CONVERSION = YES;
				CLANG_WARN_COMMA = YES;
				CLANG_WARN_CONSTANT_CONVERSION = YES;
				CLANG_WARN_DEPRECATED_OBJC_IMPLEMENTATIONS = YES;
				CLANG_WARN_DIRECT_OBJC_ISA_USAGE = YES_ERROR;
				CLANG_WARN_DOCUMENTATION_COMMENTS = YES;
				CLANG_WARN_EMPTY_BODY = YES;
				CLANG_WARN_ENUM_CONVERSION = YES;
				CLANG_WARN_INFINITE_RECURSION = YES;
				CLANG_WARN_INT_CONVERSION = YES;
				CLANG_WARN_NON_LITERAL_NULL_CONVERSION = YES;
				CLANG_WARN_OBJC_IMPLICIT_RETAIN_SELF = YES;
				CLANG_WARN_OBJC_LITERAL_CONVERSION = YES;
				CLANG_WARN_OBJC_ROOT_CLASS = YES_ERROR;
				CLANG_WARN_QUOTED_INCLUDE_IN_FRAMEWORK_HEADER = YES;
				CLANG_WARN_RANGE_LOOP_ANALYSIS = YES;
				CLANG_WARN_STRICT_PROTOTYPES = YES;
				CLANG_WARN_SUSPICIOUS_MOVE = YES;
				CLANG_WARN_UNGUARDED_AVAILABILITY = YES_AGGRESSIVE;
				CLANG_WARN_UNREACHABLE_CODE = YES;
				CLANG_WARN__DUPLICATE_METHOD_MATCH = YES;
				COPY_PHASE_STRIP = NO;
				DEBUG_INFORMATION_FORMAT = dwarf;
				DEVELOPMENT_TEAM = CGPH8LK52W;
				ENABLE_STRICT_OBJC_MSGSEND = YES;
				ENABLE_TESTABILITY = YES;
				ENABLE_USER_SCRIPT_SANDBOXING = YES;
				GCC_C_LANGUAGE_STANDARD = gnu17;
				GCC_DYNAMIC_NO_PIC = NO;
				GCC_NO_COMMON_BLOCKS = YES;
				GCC_OPTIMIZATION_LEVEL = 0;
				GCC_PREPROCESSOR_DEFINITIONS = (
					"DEBUG=1",
					"$(inherited)",
				);
				GCC_WARN_64_TO_32_BIT_CONVERSION = YES;
				GCC_WARN_ABOUT_RETURN_TYPE = YES_ERROR;
				GCC_WARN_UNDECLARED_SELECTOR = YES;
				GCC_WARN_UNINITIALIZED_AUTOS = YES_AGGRESSIVE;
				GCC_WARN_UNUSED_FUNCTION = YES;
				GCC_WARN_UNUSED_VARIABLE = YES;
				IPHONEOS_DEPLOYMENT_TARGET = 26.0;
				LOCALIZATION_PREFERS_STRING_CATALOGS = YES;
				MTL_ENABLE_DEBUG_INFO = INCLUDE_SOURCE;
				MTL_FAST_MATH = YES;
				ONLY_ACTIVE_ARCH = YES;
				SDKROOT = iphoneos;
				SWIFT_ACTIVE_COMPILATION_CONDITIONS = "DEBUG $(inherited)";
				SWIFT_OPTIMIZATION_LEVEL = "-Onone";
			};
			name = Debug;
		};
		D7D73A052F632F9100EC3857 /* Release */ = {
			isa = XCBuildConfiguration;
			buildSettings = {
				ALWAYS_SEARCH_USER_PATHS = NO;
				ASSETCATALOG_COMPILER_GENERATE_SWIFT_ASSET_SYMBOL_EXTENSIONS = YES;
				CLANG_ANALYZER_NONNULL = YES;
				CLANG_ANALYZER_NUMBER_OBJECT_CONVERSION = YES_AGGRESSIVE;
				CLANG_CXX_LANGUAGE_STANDARD = "gnu++20";
				CLANG_ENABLE_MODULES = YES;
				CLANG_ENABLE_OBJC_ARC = YES;
				CLANG_ENABLE_OBJC_WEAK = YES;
				CLANG_WARN_BLOCK_CAPTURE_AUTORELEASING = YES;
				CLANG_WARN_BOOL_CONVERSION = YES;
				CLANG_WARN_COMMA = YES;
				CLANG_WARN_CONSTANT_CONVERSION = YES;
				CLANG_WARN_DEPRECATED_OBJC_IMPLEMENTATIONS = YES;
				CLANG_WARN_DIRECT_OBJC_ISA_USAGE = YES_ERROR;
				CLANG_WARN_DOCUMENTATION_COMMENTS = YES;
				CLANG_WARN_EMPTY_BODY = YES;
				CLANG_WARN_ENUM_CONVERSION = YES;
				CLANG_WARN_INFINITE_RECURSION = YES;
				CLANG_WARN_INT_CONVERSION = YES;
				CLANG_WARN_NON_LITERAL_NULL_CONVERSION = YES;
				CLANG_WARN_OBJC_IMPLICIT_RETAIN_SELF = YES;
				CLANG_WARN_OBJC_LITERAL_CONVERSION = YES;
				CLANG_WARN_OBJC_ROOT_CLASS = YES_ERROR;
				CLANG_WARN_QUOTED_INCLUDE_IN_FRAMEWORK_HEADER = YES;
				CLANG_WARN_RANGE_LOOP_ANALYSIS = YES;
				CLANG_WARN_STRICT_PROTOTYPES = YES;
				CLANG_WARN_SUSPICIOUS_MOVE = YES;
				CLANG_WARN_UNGUARDED_AVAILABILITY = YES_AGGRESSIVE;
				CLANG_WARN_UNREACHABLE_CODE = YES;
				CLANG_WARN__DUPLICATE_METHOD_MATCH = YES;
				COPY_PHASE_STRIP = NO;
				DEBUG_INFORMATION_FORMAT = "dwarf-with-dsym";
				DEVELOPMENT_TEAM = CGPH8LK52W;
				ENABLE_NS_ASSERTIONS = NO;
				ENABLE_STRICT_OBJC_MSGSEND = YES;
				ENABLE_USER_SCRIPT_SANDBOXING = YES;
				GCC_C_LANGUAGE_STANDARD = gnu17;
				GCC_NO_COMMON_BLOCKS = YES;
				GCC_WARN_64_TO_32_BIT_CONVERSION = YES;
				GCC_WARN_ABOUT_RETURN_TYPE = YES_ERROR;
				GCC_WARN_UNDECLARED_SELECTOR = YES;
				GCC_WARN_UNINITIALIZED_AUTOS = YES_AGGRESSIVE;
				GCC_WARN_UNUSED_FUNCTION = YES;
				GCC_WARN_UNUSED_VARIABLE = YES;
				IPHONEOS_DEPLOYMENT_TARGET = 26.0;
				LOCALIZATION_PREFERS_STRING_CATALOGS = YES;
				MTL_ENABLE_DEBUG_INFO = NO;
				MTL_FAST_MATH = YES;
				SDKROOT = iphoneos;
				SWIFT_COMPILATION_MODE = wholemodule;
				VALIDATE_PRODUCT = YES;
			};
			name = Release;
		};
		D7D73A072F632F9100EC3857 /* Debug */ = {
			isa = XCBuildConfiguration;
			buildSettings = {
				ASSETCATALOG_COMPILER_APPICON_NAME = AppIcon;
				ASSETCATALOG_COMPILER_GLOBAL_ACCENT_COLOR_NAME = AccentColor;
				CODE_SIGN_STYLE = Automatic;
				CURRENT_PROJECT_VERSION = 1;
				DEVELOPMENT_TEAM = CGPH8LK52W;
				ENABLE_PREVIEWS = YES;
				GENERATE_INFOPLIST_FILE = YES;
				INFOPLIST_KEY_UIApplicationSceneManifest_Generation = YES;
				INFOPLIST_KEY_UIApplicationSupportsIndirectInputEvents = YES;
				INFOPLIST_KEY_UILaunchScreen_Generation = YES;
				INFOPLIST_KEY_UISupportedInterfaceOrientations_iPad = "UIInterfaceOrientationPortrait UIInterfaceOrientationPortraitUpsideDown UIInterfaceOrientationLandscapeLeft UIInterfaceOrientationLandscapeRight";
				INFOPLIST_KEY_UISupportedInterfaceOrientations_iPhone = "UIInterfaceOrientationPortrait UIInterfaceOrientationLandscapeLeft UIInterfaceOrientationLandscapeRight";
				LD_RUNPATH_SEARCH_PATHS = (
					"$(inherited)",
					"@executable_path/Frameworks",
				);
				MARKETING_VERSION = 1.0;
				PRODUCT_BUNDLE_IDENTIFIER = "hu.picloud.brew-water-chemist";
				PRODUCT_NAME = "$(TARGET_NAME)";
				STRING_CATALOG_GENERATE_SYMBOLS = YES;
				SWIFT_APPROACHABLE_CONCURRENCY = YES;
				SWIFT_DEFAULT_ACTOR_ISOLATION = MainActor;
				SWIFT_EMIT_LOC_STRINGS = YES;
				SWIFT_UPCOMING_FEATURE_MEMBER_IMPORT_VISIBILITY = YES;
				SWIFT_VERSION = 5.0;
				TARGETED_DEVICE_FAMILY = "1,2";
			};
			name = Debug;
		};
		D7D73A082F632F9100EC3857 /* Release */ = {
			isa = XCBuildConfiguration;
			buildSettings = {
				ASSETCATALOG_COMPILER_APPICON_NAME = AppIcon;
				ASSETCATALOG_COMPILER_GLOBAL_ACCENT_COLOR_NAME = AccentColor;
				CODE_SIGN_STYLE = Automatic;
				CURRENT_PROJECT_VERSION = 1;
				DEVELOPMENT_TEAM = CGPH8LK52W;
				ENABLE_PREVIEWS = YES;
				GENERATE_INFOPLIST_FILE = YES;
				INFOPLIST_KEY_UIApplicationSceneManifest_Generation = YES;
				INFOPLIST_KEY_UIApplicationSupportsIndirectInputEvents = YES;
				INFOPLIST_KEY_UILaunchScreen_Generation = YES;
				INFOPLIST_KEY_UISupportedInterfaceOrientations_iPad = "UIInterfaceOrientationPortrait UIInterfaceOrientationPortraitUpsideDown UIInterfaceOrientationLandscapeLeft UIInterfaceOrientationLandscapeRight";
				INFOPLIST_KEY_UISupportedInterfaceOrientations_iPhone = "UIInterfaceOrientationPortrait UIInterfaceOrientationLandscapeLeft UIInterfaceOrientationLandscapeRight";
				LD_RUNPATH_SEARCH_PATHS = (
					"$(inherited)",
					"@executable_path/Frameworks",
				);
				MARKETING_VERSION = 1.0;
				PRODUCT_BUNDLE_IDENTIFIER = "hu.picloud.brew-water-chemist";
				PRODUCT_NAME = "$(TARGET_NAME)";
				STRING_CATALOG_GENERATE_SYMBOLS = YES;
				SWIFT_APPROACHABLE_CONCURRENCY = YES;
				SWIFT_DEFAULT_ACTOR_ISOLATION = MainActor;
				SWIFT_EMIT_LOC_STRINGS = YES;
				SWIFT_UPCOMING_FEATURE_MEMBER_IMPORT_VISIBILITY = YES;
				SWIFT_VERSION = 5.0;
				TARGETED_DEVICE_FAMILY = "1,2";
			};
			name = Release;
		};
		D7D73A0A2F632F9100EC3857 /* Debug */ = {
			isa = XCBuildConfiguration;
			buildSettings = {
				BUNDLE_LOADER = "$(TEST_HOST)";
				CODE_SIGN_STYLE = Automatic;
				CURRENT_PROJECT_VERSION = 1;
				DEVELOPMENT_TEAM = CGPH8LK52W;
				GENERATE_INFOPLIST_FILE = YES;
				IPHONEOS_DEPLOYMENT_TARGET = 26.0;
				MARKETING_VERSION = 1.0;
				PRODUCT_BUNDLE_IDENTIFIER = "hu.picloud.brew-water-chemistTests";
				PRODUCT_NAME = "$(TARGET_NAME)";
				STRING_CATALOG_GENERATE_SYMBOLS = NO;
				SWIFT_APPROACHABLE_CONCURRENCY = YES;
				SWIFT_EMIT_LOC_STRINGS = NO;
				SWIFT_UPCOMING_FEATURE_MEMBER_IMPORT_VISIBILITY = YES;
				SWIFT_VERSION = 5.0;
				TARGETED_DEVICE_FAMILY = "1,2";
				TEST_HOST = "$(BUILT_PRODUCTS_DIR)/brew-water-chemist.app/$(BUNDLE_EXECUTABLE_FOLDER_PATH)/brew-water-chemist";
			};
			name = Debug;
		};
		D7D73A0B2F632F9100EC3857 /* Release */ = {
			isa = XCBuildConfiguration;
			buildSettings = {
				BUNDLE_LOADER = "$(TEST_HOST)";
				CODE_SIGN_STYLE = Automatic;
				CURRENT_PROJECT_VERSION = 1;
				DEVELOPMENT_TEAM = CGPH8LK52W;
				GENERATE_INFOPLIST_FILE = YES;
				IPHONEOS_DEPLOYMENT_TARGET = 26.0;
				MARKETING_VERSION = 1.0;
				PRODUCT_BUNDLE_IDENTIFIER = "hu.picloud.brew-water-chemistTests";
				PRODUCT_NAME = "$(TARGET_NAME)";
				STRING_CATALOG_GENERATE_SYMBOLS = NO;
				SWIFT_APPROACHABLE_CONCURRENCY = YES;
				SWIFT_EMIT_LOC_STRINGS = NO;
				SWIFT_UPCOMING_FEATURE_MEMBER_IMPORT_VISIBILITY = YES;
				SWIFT_VERSION = 5.0;
				TARGETED_DEVICE_FAMILY = "1,2";
				TEST_HOST = "$(BUILT_PRODUCTS_DIR)/brew-water-chemist.app/$(BUNDLE_EXECUTABLE_FOLDER_PATH)/brew-water-chemist";
			};
			name = Release;
		};
		D7D73A0D2F632F9100EC3857 /* Debug */ = {
			isa = XCBuildConfiguration;
			buildSettings = {
				CODE_SIGN_STYLE = Automatic;
				CURRENT_PROJECT_VERSION = 1;
				DEVELOPMENT_TEAM = CGPH8LK52W;
				GENERATE_INFOPLIST_FILE = YES;
				MARKETING_VERSION = 1.0;
				PRODUCT_BUNDLE_IDENTIFIER = "hu.picloud.brew-water-chemistUITests";
				PRODUCT_NAME = "$(TARGET_NAME)";
				STRING_CATALOG_GENERATE_SYMBOLS = NO;
				SWIFT_APPROACHABLE_CONCURRENCY = YES;
				SWIFT_EMIT_LOC_STRINGS = NO;
				SWIFT_UPCOMING_FEATURE_MEMBER_IMPORT_VISIBILITY = YES;
				SWIFT_VERSION = 5.0;
				TARGETED_DEVICE_FAMILY = "1,2";
				TEST_TARGET_NAME = "brew-water-chemist";
			};
			name = Debug;
		};
		D7D73A0E2F632F9100EC3857 /* Release */ = {
			isa = XCBuildConfiguration;
			buildSettings = {
				CODE_SIGN_STYLE = Automatic;
				CURRENT_PROJECT_VERSION = 1;
				DEVELOPMENT_TEAM = CGPH8LK52W;
				GENERATE_INFOPLIST_FILE = YES;
				MARKETING_VERSION = 1.0;
				PRODUCT_BUNDLE_IDENTIFIER = "hu.picloud.brew-water-chemistUITests";
				PRODUCT_NAME = "$(TARGET_NAME)";
				STRING_CATALOG_GENERATE_SYMBOLS = NO;
				SWIFT_APPROACHABLE_CONCURRENCY = YES;
				SWIFT_EMIT_LOC_STRINGS = NO;
				SWIFT_UPCOMING_FEATURE_MEMBER_IMPORT_VISIBILITY = YES;
				SWIFT_VERSION = 5.0;
				TARGETED_DEVICE_FAMILY = "1,2";
				TEST_TARGET_NAME = "brew-water-chemist";
			};
			name = Release;
		};
/* End XCBuildConfiguration section */

/* Begin XCConfigurationList section */
		D7D739DE2F632F9000EC3857 /* Build configuration list for PBXProject "brew-water-chemist" */ = {
			isa = XCConfigurationList;
			buildConfigurations = (
				D7D73A042F632F9100EC3857 /* Debug */,
				D7D73A052F632F9100EC3857 /* Release */,
			);
			defaultConfigurationIsVisible = 0;
			defaultConfigurationName = Release;
		};
		D7D73A062F632F9100EC3857 /* Build configuration list for PBXNativeTarget "brew-water-chemist" */ = {
			isa = XCConfigurationList;
			buildConfigurations = (
				D7D73A072F632F9100EC3857 /* Debug */,
				D7D73A082F632F9100EC3857 /* Release */,
			);
			defaultConfigurationIsVisible = 0;
			defaultConfigurationName = Release;
		};
		D7D73A092F632F9100EC3857 /* Build configuration list for PBXNativeTarget "brew-water-chemistTests" */ = {
			isa = XCConfigurationList;
			buildConfigurations = (
				D7D73A0A2F632F9100EC3857 /* Debug */,
				D7D73A0B2F632F9100EC3857 /* Release */,
			);
			defaultConfigurationIsVisible = 0;
			defaultConfigurationName = Release;
		};
		D7D73A0C2F632F9100EC3857 /* Build configuration list for PBXNativeTarget "brew-water-chemistUITests" */ = {
			isa = XCConfigurationList;
			buildConfigurations = (
				D7D73A0D2F632F9100EC3857 /* Debug */,
				D7D73A0E2F632F9100EC3857 /* Release */,
			);
			defaultConfigurationIsVisible = 0;
			defaultConfigurationName = Release;
		};
/* End XCConfigurationList section */
	};
	rootObject = D7D739DB2F632F9000EC3857 /* Project object */;
}
